
Microsoft Visual Studio Solution File, Format Version 12.00
# Visual Studio 15
VisualStudioVersion = 15.0.26430.14
MinimumVisualStudioVersion = 10.0.40219.1
Project("{FAE04EC0-301F-11D3-BF4B-00C04F79EFBC}") = "backend.WebApi", "backend.WebApi\backend.WebApi.csproj", "{96F2C8E6-8672-4FF5-A427-5691086F7FF1}"
EndProject
Project("{FAE04EC0-301F-11D3-BF4B-00C04F79EFBC}") = "backend.Domain", "backend.Domain\backend.Domain.csproj", "{C64A8F7F-0142-4A67-ABEF-F49F4E2E178D}"
EndProject
Project("{FAE04EC0-301F-11D3-BF4B-00C04F79EFBC}") = "backend.Dal", "backend.Dal\backend.Dal.csproj", "{FE3D2B3C-9043-4733-A540-1F28D4B890D8}"
EndProject
Project("{2150E333-8FDC-42A3-9474-1A3956D46DE8}") = "Infrastructure", "Infrastructure", "{7C1CDD5D-FFF8-4BC0-A048-240AF4CA24C4}"
EndProject
Project("{FAE04EC0-301F-11D3-BF4B-00C04F79EFBC}") = "backend.Identity", "backend.Identity\backend.Identity.csproj", "{0C093A6A-DDB6-4A78-BE47-9B19ECA2B2A8}"
EndProject
Project("{2150E333-8FDC-42A3-9474-1A3956D46DE8}") = "Business", "Business", "{D896B877-3B3A-446F-827B-0FA91E6EED84}"
EndProject
Project("{FAE04EC0-301F-11D3-BF4B-00C04F79EFBC}") = "backend.CommandQuery", "backend.CommandQuery\backend.CommandQuery.csproj", "{8DD4CC46-D54F-43E7-9887-6E77E9478CDF}"
EndProject
Project("{FAE04EC0-301F-11D3-BF4B-00C04F79EFBC}") = "In.Cqrs", "Infrastructure\In.Cqrs\In.Cqrs.csproj", "{E7621461-2A46-4E5B-8189-BBA242D90955}"
EndProject
Project("{FAE04EC0-301F-11D3-BF4B-00C04F79EFBC}") = "In.Di", "Infrastructure\In.Di\In.Di.csproj", "{5497463F-9A30-4557-84EC-F8D5A9806293}"
EndProject
Project("{FAE04EC0-301F-11D3-BF4B-00C04F79EFBC}") = "In.Domain", "Infrastructure\In.Domain\In.Domain.csproj", "{D5217D56-FBE4-4F61-8032-CA553EB6EFEB}"
EndProject
Project("{FAE04EC0-301F-11D3-BF4B-00C04F79EFBC}") = "In.Entity", "Infrastructure\In.Entity\In.Entity.csproj", "{6464E77B-E6CF-49B9-B9DB-6F4C83DDD8F8}"
EndProject
Project("{FAE04EC0-301F-11D3-BF4B-00C04F79EFBC}") = "In.Mapping", "Infrastructure\In.Mapping\In.Mapping.csproj", "{4D7EF010-7D85-4250-85B2-881E77BF5CBE}"
EndProject
Global
	GlobalSection(SolutionConfigurationPlatforms) = preSolution
		Debug|Any CPU = Debug|Any CPU
		Release|Any CPU = Release|Any CPU
	EndGlobalSection
	GlobalSection(ProjectConfigurationPlatforms) = postSolution
		{96F2C8E6-8672-4FF5-A427-5691086F7FF1}.Debug|Any CPU.ActiveCfg = Debug|Any CPU
		{96F2C8E6-8672-4FF5-A427-5691086F7FF1}.Debug|Any CPU.Build.0 = Debug|Any CPU
		{96F2C8E6-8672-4FF5-A427-5691086F7FF1}.Release|Any CPU.ActiveCfg = Release|Any CPU
		{96F2C8E6-8672-4FF5-A427-5691086F7FF1}.Release|Any CPU.Build.0 = Release|Any CPU
		{C64A8F7F-0142-4A67-ABEF-F49F4E2E178D}.Debug|Any CPU.ActiveCfg = Debug|Any CPU
		{C64A8F7F-0142-4A67-ABEF-F49F4E2E178D}.Debug|Any CPU.Build.0 = Debug|Any CPU
		{C64A8F7F-0142-4A67-ABEF-F49F4E2E178D}.Release|Any CPU.ActiveCfg = Release|Any CPU
		{C64A8F7F-0142-4A67-ABEF-F49F4E2E178D}.Release|Any CPU.Build.0 = Release|Any CPU
		{FE3D2B3C-9043-4733-A540-1F28D4B890D8}.Debug|Any CPU.ActiveCfg = Debug|Any CPU
		{FE3D2B3C-9043-4733-A540-1F28D4B890D8}.Debug|Any CPU.Build.0 = Debug|Any CPU
		{FE3D2B3C-9043-4733-A540-1F28D4B890D8}.Release|Any CPU.ActiveCfg = Release|Any CPU
		{FE3D2B3C-9043-4733-A540-1F28D4B890D8}.Release|Any CPU.Build.0 = Release|Any CPU
		{0C093A6A-DDB6-4A78-BE47-9B19ECA2B2A8}.Debug|Any CPU.ActiveCfg = Debug|Any CPU
		{0C093A6A-DDB6-4A78-BE47-9B19ECA2B2A8}.Debug|Any CPU.Build.0 = Debug|Any CPU
		{0C093A6A-DDB6-4A78-BE47-9B19ECA2B2A8}.Release|Any CPU.ActiveCfg = Release|Any CPU
		{0C093A6A-DDB6-4A78-BE47-9B19ECA2B2A8}.Release|Any CPU.Build.0 = Release|Any CPU
		{8DD4CC46-D54F-43E7-9887-6E77E9478CDF}.Debug|Any CPU.ActiveCfg = Debug|Any CPU
		{8DD4CC46-D54F-43E7-9887-6E77E9478CDF}.Debug|Any CPU.Build.0 = Debug|Any CPU
		{8DD4CC46-D54F-43E7-9887-6E77E9478CDF}.Release|Any CPU.ActiveCfg = Release|Any CPU
		{8DD4CC46-D54F-43E7-9887-6E77E9478CDF}.Release|Any CPU.Build.0 = Release|Any CPU
		{E7621461-2A46-4E5B-8189-BBA242D90955}.Debug|Any CPU.ActiveCfg = Debug|Any CPU
		{E7621461-2A46-4E5B-8189-BBA242D90955}.Debug|Any CPU.Build.0 = Debug|Any CPU
		{E7621461-2A46-4E5B-8189-BBA242D90955}.Release|Any CPU.ActiveCfg = Release|Any CPU
		{E7621461-2A46-4E5B-8189-BBA242D90955}.Release|Any CPU.Build.0 = Release|Any CPU
		{5497463F-9A30-4557-84EC-F8D5A9806293}.Debug|Any CPU.ActiveCfg = Debug|Any CPU
		{5497463F-9A30-4557-84EC-F8D5A9806293}.Debug|Any CPU.Build.0 = Debug|Any CPU
		{5497463F-9A30-4557-84EC-F8D5A9806293}.Release|Any CPU.ActiveCfg = Release|Any CPU
		{5497463F-9A30-4557-84EC-F8D5A9806293}.Release|Any CPU.Build.0 = Release|Any CPU
		{D5217D56-FBE4-4F61-8032-CA553EB6EFEB}.Debug|Any CPU.ActiveCfg = Debug|Any CPU
		{D5217D56-FBE4-4F61-8032-CA553EB6EFEB}.Debug|Any CPU.Build.0 = Debug|Any CPU
		{D5217D56-FBE4-4F61-8032-CA553EB6EFEB}.Release|Any CPU.ActiveCfg = Release|Any CPU
		{D5217D56-FBE4-4F61-8032-CA553EB6EFEB}.Release|Any CPU.Build.0 = Release|Any CPU
		{6464E77B-E6CF-49B9-B9DB-6F4C83DDD8F8}.Debug|Any CPU.ActiveCfg = Debug|Any CPU
		{6464E77B-E6CF-49B9-B9DB-6F4C83DDD8F8}.Debug|Any CPU.Build.0 = Debug|Any CPU
		{6464E77B-E6CF-49B9-B9DB-6F4C83DDD8F8}.Release|Any CPU.ActiveCfg = Release|Any CPU
		{6464E77B-E6CF-49B9-B9DB-6F4C83DDD8F8}.Release|Any CPU.Build.0 = Release|Any CPU
		{4D7EF010-7D85-4250-85B2-881E77BF5CBE}.Debug|Any CPU.ActiveCfg = Debug|Any CPU
		{4D7EF010-7D85-4250-85B2-881E77BF5CBE}.Debug|Any CPU.Build.0 = Debug|Any CPU
		{4D7EF010-7D85-4250-85B2-881E77BF5CBE}.Release|Any CPU.ActiveCfg = Release|Any CPU
		{4D7EF010-7D85-4250-85B2-881E77BF5CBE}.Release|Any CPU.Build.0 = Release|Any CPU
	EndGlobalSection
	GlobalSection(SolutionProperties) = preSolution
		HideSolutionNode = FALSE
	EndGlobalSection
	GlobalSection(NestedProjects) = preSolution
		{C64A8F7F-0142-4A67-ABEF-F49F4E2E178D} = {D896B877-3B3A-446F-827B-0FA91E6EED84}
		{0C093A6A-DDB6-4A78-BE47-9B19ECA2B2A8} = {D896B877-3B3A-446F-827B-0FA91E6EED84}
		{8DD4CC46-D54F-43E7-9887-6E77E9478CDF} = {D896B877-3B3A-446F-827B-0FA91E6EED84}
		{E7621461-2A46-4E5B-8189-BBA242D90955} = {7C1CDD5D-FFF8-4BC0-A048-240AF4CA24C4}
		{5497463F-9A30-4557-84EC-F8D5A9806293} = {7C1CDD5D-FFF8-4BC0-A048-240AF4CA24C4}
		{D5217D56-FBE4-4F61-8032-CA553EB6EFEB} = {7C1CDD5D-FFF8-4BC0-A048-240AF4CA24C4}
		{6464E77B-E6CF-49B9-B9DB-6F4C83DDD8F8} = {7C1CDD5D-FFF8-4BC0-A048-240AF4CA24C4}
		{4D7EF010-7D85-4250-85B2-881E77BF5CBE} = {7C1CDD5D-FFF8-4BC0-A048-240AF4CA24C4}
	EndGlobalSection
EndGlobal
