
Microsoft Visual Studio Solution File, Format Version 12.00
# Visual Studio 15
VisualStudioVersion = 15.0.27428.2015
MinimumVisualStudioVersion = 10.0.40219.1
Project("{9A19103F-16F7-4668-BE54-9A1E7A4F7556}") = "Fix.Dal", "Fix.Dal\Fix.Dal.csproj", "{7150FA06-C389-4A94-815D-3A8918C67536}"
EndProject
Project("{9A19103F-16F7-4668-BE54-9A1E7A4F7556}") = "Fix.Domain", "Fix.Domain\Fix.Domain.csproj", "{52152E1D-9027-4E1F-A2C4-09DB782D0B19}"
EndProject
Project("{9A19103F-16F7-4668-BE54-9A1E7A4F7556}") = "Fix.Infrastructure", "Fix.Infrastructure\Fix.Infrastructure.csproj", "{96A93577-CAA0-43F1-A27E-27FBA2DDBBC7}"
EndProject
Project("{FAE04EC0-301F-11D3-BF4B-00C04F79EFBC}") = "Fix.Business", "Fix.Business\Fix.Business.csproj", "{C8BE065D-38D2-4393-BAF8-19170255D83E}"
EndProject
Project("{FAE04EC0-301F-11D3-BF4B-00C04F79EFBC}") = "Fix.WebApp", "Fix.WebApp\Fix.WebApp.csproj", "{C306F4F2-B605-4328-967F-66C22C08D107}"
EndProject
Global
	GlobalSection(SolutionConfigurationPlatforms) = preSolution
		Debug|Any CPU = Debug|Any CPU
		Release|Any CPU = Release|Any CPU
	EndGlobalSection
	GlobalSection(ProjectConfigurationPlatforms) = postSolution
		{7150FA06-C389-4A94-815D-3A8918C67536}.Debug|Any CPU.ActiveCfg = Debug|Any CPU
		{7150FA06-C389-4A94-815D-3A8918C67536}.Debug|Any CPU.Build.0 = Debug|Any CPU
		{7150FA06-C389-4A94-815D-3A8918C67536}.Release|Any CPU.ActiveCfg = Release|Any CPU
		{7150FA06-C389-4A94-815D-3A8918C67536}.Release|Any CPU.Build.0 = Release|Any CPU
		{52152E1D-9027-4E1F-A2C4-09DB782D0B19}.Debug|Any CPU.ActiveCfg = Debug|Any CPU
		{52152E1D-9027-4E1F-A2C4-09DB782D0B19}.Debug|Any CPU.Build.0 = Debug|Any CPU
		{52152E1D-9027-4E1F-A2C4-09DB782D0B19}.Release|Any CPU.ActiveCfg = Release|Any CPU
		{52152E1D-9027-4E1F-A2C4-09DB782D0B19}.Release|Any CPU.Build.0 = Release|Any CPU
		{96A93577-CAA0-43F1-A27E-27FBA2DDBBC7}.Debug|Any CPU.ActiveCfg = Debug|Any CPU
		{96A93577-CAA0-43F1-A27E-27FBA2DDBBC7}.Debug|Any CPU.Build.0 = Debug|Any CPU
		{96A93577-CAA0-43F1-A27E-27FBA2DDBBC7}.Release|Any CPU.ActiveCfg = Release|Any CPU
		{96A93577-CAA0-43F1-A27E-27FBA2DDBBC7}.Release|Any CPU.Build.0 = Release|Any CPU
		{C8BE065D-38D2-4393-BAF8-19170255D83E}.Debug|Any CPU.ActiveCfg = Debug|Any CPU
		{C8BE065D-38D2-4393-BAF8-19170255D83E}.Debug|Any CPU.Build.0 = Debug|Any CPU
		{C8BE065D-38D2-4393-BAF8-19170255D83E}.Release|Any CPU.ActiveCfg = Release|Any CPU
		{C8BE065D-38D2-4393-BAF8-19170255D83E}.Release|Any CPU.Build.0 = Release|Any CPU
		{C306F4F2-B605-4328-967F-66C22C08D107}.Debug|Any CPU.ActiveCfg = Debug|Any CPU
		{C306F4F2-B605-4328-967F-66C22C08D107}.Debug|Any CPU.Build.0 = Debug|Any CPU
		{C306F4F2-B605-4328-967F-66C22C08D107}.Release|Any CPU.ActiveCfg = Release|Any CPU
		{C306F4F2-B605-4328-967F-66C22C08D107}.Release|Any CPU.Build.0 = Release|Any CPU
	EndGlobalSection
	GlobalSection(SolutionProperties) = preSolution
		HideSolutionNode = FALSE
	EndGlobalSection
	GlobalSection(ExtensibilityGlobals) = postSolution
		SolutionGuid = {A87B3D48-448F-47BE-B9E3-8F731155EA12}
	EndGlobalSection
EndGlobal
