
Microsoft Visual Studio Solution File, Format Version 12.00
# Visual Studio 15
VisualStudioVersion = 15.0.27428.2015
MinimumVisualStudioVersion = 10.0.40219.1
Project("{9A19103F-16F7-4668-BE54-9A1E7A4F7556}") = "Fix.Dal", "Fix.Dal\Fix.Dal.csproj", "{7150FA06-C389-4A94-815D-3A8918C67536}"
EndProject
Project("{9A19103F-16F7-4668-BE54-9A1E7A4F7556}") = "Fix.Domain", "Fix.Domain\Fix.Domain.csproj", "{52152E1D-9027-4E1F-A2C4-09DB782D0B19}"
EndProject
Project("{9A19103F-16F7-4668-BE54-9A1E7A4F7556}") = "Fix.Infrastructure", "Fix.Infrastructure\Fix.Infrastructure.csproj", "{96A93577-CAA0-43F1-A27E-27FBA2DDBBC7}"
EndProject
Project("{FAE04EC0-301F-11D3-BF4B-00C04F79EFBC}") = "Fix.WebApp", "Fix.WebApp\Fix.WebApp.csproj", "{C306F4F2-B605-4328-967F-66C22C08D107}"
EndProject
Project("{2150E333-8FDC-42A3-9474-1A3956D46DE8}") = "Business", "Business", "{BC04B857-9836-4F4B-8416-10AD84B0BD5E}"
EndProject
Project("{FAE04EC0-301F-11D3-BF4B-00C04F79EFBC}") = "Fix.NangFire", "Fix.NangFire\Fix.NangFire.csproj", "{F4F8D1DF-F7A6-4E02-8E2B-33E3430CD216}"
EndProject
Project("{FAE04EC0-301F-11D3-BF4B-00C04F79EFBC}") = "Fix.Services", "Fix.Services\Fix.Services.csproj", "{F85A4B6F-5DAF-4702-8BDC-D09A9A054B8C}"
EndProject
Project("{2150E333-8FDC-42A3-9474-1A3956D46DE8}") = "Infrastructure", "Infrastructure", "{6C9DE489-AE2D-4460-AA6B-DB14D6379EA1}"
EndProject
Project("{FAE04EC0-301F-11D3-BF4B-00C04F79EFBC}") = "Fix.Infrastructure.Services", "Fix.Infrastructure.Services\Fix.Infrastructure.Services.csproj", "{C705C89D-BC5A-40A2-B573-BB93518A4DD7}"
EndProject
Project("{2150E333-8FDC-42A3-9474-1A3956D46DE8}") = "Presentation", "Presentation", "{5B985206-550B-42A2-859A-D609E2A3B813}"
EndProject
Project("{FAE04EC0-301F-11D3-BF4B-00C04F79EFBC}") = "Fix.UnitTests", "Fix.UnitTests\Fix.UnitTests.csproj", "{4DE2C30A-4332-416A-82F4-5382372956B8}"
EndProject
Project("{FAE04EC0-301F-11D3-BF4B-00C04F79EFBC}") = "Fix.IntegrationTests", "Fix.IntegrationTests\Fix.IntegrationTests.csproj", "{C81FC136-8BC8-49C7-87D9-8E604526153F}"
EndProject
Project("{2150E333-8FDC-42A3-9474-1A3956D46DE8}") = "Tests", "Tests", "{4A190721-5A4E-4A04-A30E-84A6B04B3C4E}"
EndProject
Global
	GlobalSection(SolutionConfigurationPlatforms) = preSolution
		Debug|Any CPU = Debug|Any CPU
		Release|Any CPU = Release|Any CPU
	EndGlobalSection
	GlobalSection(ProjectConfigurationPlatforms) = postSolution
		{7150FA06-C389-4A94-815D-3A8918C67536}.Debug|Any CPU.ActiveCfg = Debug|Any CPU
		{7150FA06-C389-4A94-815D-3A8918C67536}.Debug|Any CPU.Build.0 = Debug|Any CPU
		{7150FA06-C389-4A94-815D-3A8918C67536}.Release|Any CPU.ActiveCfg = Release|Any CPU
		{7150FA06-C389-4A94-815D-3A8918C67536}.Release|Any CPU.Build.0 = Release|Any CPU
		{52152E1D-9027-4E1F-A2C4-09DB782D0B19}.Debug|Any CPU.ActiveCfg = Debug|Any CPU
		{52152E1D-9027-4E1F-A2C4-09DB782D0B19}.Debug|Any CPU.Build.0 = Debug|Any CPU
		{52152E1D-9027-4E1F-A2C4-09DB782D0B19}.Release|Any CPU.ActiveCfg = Release|Any CPU
		{52152E1D-9027-4E1F-A2C4-09DB782D0B19}.Release|Any CPU.Build.0 = Release|Any CPU
		{96A93577-CAA0-43F1-A27E-27FBA2DDBBC7}.Debug|Any CPU.ActiveCfg = Debug|Any CPU
		{96A93577-CAA0-43F1-A27E-27FBA2DDBBC7}.Debug|Any CPU.Build.0 = Debug|Any CPU
		{96A93577-CAA0-43F1-A27E-27FBA2DDBBC7}.Release|Any CPU.ActiveCfg = Release|Any CPU
		{96A93577-CAA0-43F1-A27E-27FBA2DDBBC7}.Release|Any CPU.Build.0 = Release|Any CPU
		{C306F4F2-B605-4328-967F-66C22C08D107}.Debug|Any CPU.ActiveCfg = Debug|Any CPU
		{C306F4F2-B605-4328-967F-66C22C08D107}.Debug|Any CPU.Build.0 = Debug|Any CPU
		{C306F4F2-B605-4328-967F-66C22C08D107}.Release|Any CPU.ActiveCfg = Release|Any CPU
		{C306F4F2-B605-4328-967F-66C22C08D107}.Release|Any CPU.Build.0 = Release|Any CPU
		{F4F8D1DF-F7A6-4E02-8E2B-33E3430CD216}.Debug|Any CPU.ActiveCfg = Debug|Any CPU
		{F4F8D1DF-F7A6-4E02-8E2B-33E3430CD216}.Debug|Any CPU.Build.0 = Debug|Any CPU
		{F4F8D1DF-F7A6-4E02-8E2B-33E3430CD216}.Release|Any CPU.ActiveCfg = Release|Any CPU
		{F4F8D1DF-F7A6-4E02-8E2B-33E3430CD216}.Release|Any CPU.Build.0 = Release|Any CPU
		{F85A4B6F-5DAF-4702-8BDC-D09A9A054B8C}.Debug|Any CPU.ActiveCfg = Debug|Any CPU
		{F85A4B6F-5DAF-4702-8BDC-D09A9A054B8C}.Debug|Any CPU.Build.0 = Debug|Any CPU
		{F85A4B6F-5DAF-4702-8BDC-D09A9A054B8C}.Release|Any CPU.ActiveCfg = Release|Any CPU
		{F85A4B6F-5DAF-4702-8BDC-D09A9A054B8C}.Release|Any CPU.Build.0 = Release|Any CPU
		{C705C89D-BC5A-40A2-B573-BB93518A4DD7}.Debug|Any CPU.ActiveCfg = Debug|Any CPU
		{C705C89D-BC5A-40A2-B573-BB93518A4DD7}.Debug|Any CPU.Build.0 = Debug|Any CPU
		{C705C89D-BC5A-40A2-B573-BB93518A4DD7}.Release|Any CPU.ActiveCfg = Release|Any CPU
		{C705C89D-BC5A-40A2-B573-BB93518A4DD7}.Release|Any CPU.Build.0 = Release|Any CPU
		{4DE2C30A-4332-416A-82F4-5382372956B8}.Debug|Any CPU.ActiveCfg = Debug|Any CPU
		{4DE2C30A-4332-416A-82F4-5382372956B8}.Debug|Any CPU.Build.0 = Debug|Any CPU
		{4DE2C30A-4332-416A-82F4-5382372956B8}.Release|Any CPU.ActiveCfg = Release|Any CPU
		{4DE2C30A-4332-416A-82F4-5382372956B8}.Release|Any CPU.Build.0 = Release|Any CPU
		{C81FC136-8BC8-49C7-87D9-8E604526153F}.Debug|Any CPU.ActiveCfg = Debug|Any CPU
		{C81FC136-8BC8-49C7-87D9-8E604526153F}.Debug|Any CPU.Build.0 = Debug|Any CPU
		{C81FC136-8BC8-49C7-87D9-8E604526153F}.Release|Any CPU.ActiveCfg = Release|Any CPU
		{C81FC136-8BC8-49C7-87D9-8E604526153F}.Release|Any CPU.Build.0 = Release|Any CPU
	EndGlobalSection
	GlobalSection(SolutionProperties) = preSolution
		HideSolutionNode = FALSE
	EndGlobalSection
	GlobalSection(ExtensibilityGlobals) = postSolution
		SolutionGuid = {A87B3D48-448F-47BE-B9E3-8F731155EA12}
	EndGlobalSection
	GlobalSection(NestedProjects) = preSolution
		{F4F8D1DF-F7A6-4E02-8E2B-33E3430CD216} = {BC04B857-9836-4F4B-8416-10AD84B0BD5E}
		{F85A4B6F-5DAF-4702-8BDC-D09A9A054B8C} = {BC04B857-9836-4F4B-8416-10AD84B0BD5E}
		{96A93577-CAA0-43F1-A27E-27FBA2DDBBC7} = {6C9DE489-AE2D-4460-AA6B-DB14D6379EA1}
		{C705C89D-BC5A-40A2-B573-BB93518A4DD7} = {6C9DE489-AE2D-4460-AA6B-DB14D6379EA1}
		{52152E1D-9027-4E1F-A2C4-09DB782D0B19} = {BC04B857-9836-4F4B-8416-10AD84B0BD5E}
		{C306F4F2-B605-4328-967F-66C22C08D107} = {5B985206-550B-42A2-859A-D609E2A3B813}
		{C81FC136-8BC8-49C7-87D9-8E604526153F} = {4A190721-5A4E-4A04-A30E-84A6B04B3C4E}
		{4DE2C30A-4332-416A-82F4-5382372956B8} = {4A190721-5A4E-4A04-A30E-84A6B04B3C4E}
	EndGlobalSection
EndGlobal
