
Microsoft Visual Studio Solution File, Format Version 12.00
Project("{FAE04EC0-301F-11D3-BF4B-00C04F79EFBC}") = "PM.Models", "PM.Models\PM.Models.csproj", "{CFB5C607-5446-448C-8795-E790716E845B}"
EndProject
Project("{2150E333-8FDC-42A3-9474-1A3956D46DE8}") = "Core", "Core", "{C591204F-EBBD-4866-9DBD-2EDAB1D40111}"
EndProject
Project("{2150E333-8FDC-42A3-9474-1A3956D46DE8}") = "Presentation", "Presentation", "{49DA7B2D-4DFE-4798-9502-E390250155A7}"
EndProject
Project("{FAE04EC0-301F-11D3-BF4B-00C04F79EFBC}") = "PM.Identity.WebApi", "PM.Identity.WebApi\PM.Identity.WebApi.csproj", "{0CB35A37-DB34-404E-B81E-7E97A309626C}"
EndProject
Project("{2150E333-8FDC-42A3-9474-1A3956D46DE8}") = "Infrastructure", "Infrastructure", "{67B59FD4-AF70-4751-8EA4-935A87C6DE49}"
EndProject
Project("{FAE04EC0-301F-11D3-BF4B-00C04F79EFBC}") = "PM.Configuration", "PM.Configuration\PM.Configuration.csproj", "{6B6114FA-34CF-40D6-A739-7225F35918B6}"
EndProject
Project("{FAE04EC0-301F-11D3-BF4B-00C04F79EFBC}") = "PM.CommandHandlers", "PM.CommandHandlers\PM.CommandHandlers.csproj", "{79615866-6048-45AB-A749-4DB6CCCE42E9}"
EndProject
Project("{FAE04EC0-301F-11D3-BF4B-00C04F79EFBC}") = "PM.Infrastructure.Dal", "PM.Infrastructure.Dal\PM.Infrastructure.Dal.csproj", "{CA701773-1446-49C2-9EEA-0DB4C86C792F}"
EndProject
Project("{FAE04EC0-301F-11D3-BF4B-00C04F79EFBC}") = "PM.Identity.Dal", "PM.Identity.Dal\PM.Identity.Dal.csproj", "{E105BBA1-418B-4CDC-AA1B-214862799D81}"
EndProject
Project("{FAE04EC0-301F-11D3-BF4B-00C04F79EFBC}") = "PM.Domain", "PM.Domain\PM.Domain.csproj", "{14916441-6820-46E0-972C-493C6EE17F4A}"
EndProject
Project("{FAE04EC0-301F-11D3-BF4B-00C04F79EFBC}") = "PM.QueryHandlers", "PM.QueryHandlers\PM.QueryHandlers.csproj", "{DBC9C09B-46B6-41A0-BEE7-478FDD0790E2}"
EndProject
Global
	GlobalSection(SolutionConfigurationPlatforms) = preSolution
		Debug|Any CPU = Debug|Any CPU
		Release|Any CPU = Release|Any CPU
	EndGlobalSection
	GlobalSection(ProjectConfigurationPlatforms) = postSolution
		{CFB5C607-5446-448C-8795-E790716E845B}.Debug|Any CPU.ActiveCfg = Debug|Any CPU
		{CFB5C607-5446-448C-8795-E790716E845B}.Debug|Any CPU.Build.0 = Debug|Any CPU
		{CFB5C607-5446-448C-8795-E790716E845B}.Release|Any CPU.ActiveCfg = Release|Any CPU
		{CFB5C607-5446-448C-8795-E790716E845B}.Release|Any CPU.Build.0 = Release|Any CPU
		{0CB35A37-DB34-404E-B81E-7E97A309626C}.Debug|Any CPU.ActiveCfg = Debug|Any CPU
		{0CB35A37-DB34-404E-B81E-7E97A309626C}.Debug|Any CPU.Build.0 = Debug|Any CPU
		{0CB35A37-DB34-404E-B81E-7E97A309626C}.Release|Any CPU.ActiveCfg = Release|Any CPU
		{0CB35A37-DB34-404E-B81E-7E97A309626C}.Release|Any CPU.Build.0 = Release|Any CPU
		{6B6114FA-34CF-40D6-A739-7225F35918B6}.Debug|Any CPU.ActiveCfg = Debug|Any CPU
		{6B6114FA-34CF-40D6-A739-7225F35918B6}.Debug|Any CPU.Build.0 = Debug|Any CPU
		{6B6114FA-34CF-40D6-A739-7225F35918B6}.Release|Any CPU.ActiveCfg = Release|Any CPU
		{6B6114FA-34CF-40D6-A739-7225F35918B6}.Release|Any CPU.Build.0 = Release|Any CPU
		{79615866-6048-45AB-A749-4DB6CCCE42E9}.Debug|Any CPU.ActiveCfg = Debug|Any CPU
		{79615866-6048-45AB-A749-4DB6CCCE42E9}.Debug|Any CPU.Build.0 = Debug|Any CPU
		{79615866-6048-45AB-A749-4DB6CCCE42E9}.Release|Any CPU.ActiveCfg = Release|Any CPU
		{79615866-6048-45AB-A749-4DB6CCCE42E9}.Release|Any CPU.Build.0 = Release|Any CPU
		{CA701773-1446-49C2-9EEA-0DB4C86C792F}.Debug|Any CPU.ActiveCfg = Debug|Any CPU
		{CA701773-1446-49C2-9EEA-0DB4C86C792F}.Debug|Any CPU.Build.0 = Debug|Any CPU
		{CA701773-1446-49C2-9EEA-0DB4C86C792F}.Release|Any CPU.ActiveCfg = Release|Any CPU
		{CA701773-1446-49C2-9EEA-0DB4C86C792F}.Release|Any CPU.Build.0 = Release|Any CPU
		{E105BBA1-418B-4CDC-AA1B-214862799D81}.Debug|Any CPU.ActiveCfg = Debug|Any CPU
		{E105BBA1-418B-4CDC-AA1B-214862799D81}.Debug|Any CPU.Build.0 = Debug|Any CPU
		{E105BBA1-418B-4CDC-AA1B-214862799D81}.Release|Any CPU.ActiveCfg = Release|Any CPU
		{E105BBA1-418B-4CDC-AA1B-214862799D81}.Release|Any CPU.Build.0 = Release|Any CPU
		{14916441-6820-46E0-972C-493C6EE17F4A}.Debug|Any CPU.ActiveCfg = Debug|Any CPU
		{14916441-6820-46E0-972C-493C6EE17F4A}.Debug|Any CPU.Build.0 = Debug|Any CPU
		{14916441-6820-46E0-972C-493C6EE17F4A}.Release|Any CPU.ActiveCfg = Release|Any CPU
		{14916441-6820-46E0-972C-493C6EE17F4A}.Release|Any CPU.Build.0 = Release|Any CPU
		{DBC9C09B-46B6-41A0-BEE7-478FDD0790E2}.Debug|Any CPU.ActiveCfg = Debug|Any CPU
		{DBC9C09B-46B6-41A0-BEE7-478FDD0790E2}.Debug|Any CPU.Build.0 = Debug|Any CPU
		{DBC9C09B-46B6-41A0-BEE7-478FDD0790E2}.Release|Any CPU.ActiveCfg = Release|Any CPU
		{DBC9C09B-46B6-41A0-BEE7-478FDD0790E2}.Release|Any CPU.Build.0 = Release|Any CPU
	EndGlobalSection
	GlobalSection(NestedProjects) = preSolution
		{CFB5C607-5446-448C-8795-E790716E845B} = {C591204F-EBBD-4866-9DBD-2EDAB1D40111}
		{0CB35A37-DB34-404E-B81E-7E97A309626C} = {49DA7B2D-4DFE-4798-9502-E390250155A7}
		{6B6114FA-34CF-40D6-A739-7225F35918B6} = {67B59FD4-AF70-4751-8EA4-935A87C6DE49}
		{79615866-6048-45AB-A749-4DB6CCCE42E9} = {C591204F-EBBD-4866-9DBD-2EDAB1D40111}
		{CA701773-1446-49C2-9EEA-0DB4C86C792F} = {67B59FD4-AF70-4751-8EA4-935A87C6DE49}
		{E105BBA1-418B-4CDC-AA1B-214862799D81} = {C591204F-EBBD-4866-9DBD-2EDAB1D40111}
		{14916441-6820-46E0-972C-493C6EE17F4A} = {C591204F-EBBD-4866-9DBD-2EDAB1D40111}
		{DBC9C09B-46B6-41A0-BEE7-478FDD0790E2} = {C591204F-EBBD-4866-9DBD-2EDAB1D40111}
	EndGlobalSection
EndGlobal
