
Microsoft Visual Studio Solution File, Format Version 12.00
# Visual Studio 14
VisualStudioVersion = 14.0.24720.0
MinimumVisualStudioVersion = 10.0.40219.1
Project("{FAE04EC0-301F-11D3-BF4B-00C04F79EFBC}") = "MQ.Domain", "MQ.Domain\MQ.Domain.csproj", "{4B9A581A-2737-4A2A-9BFD-A8AB749ED2F0}"
EndProject
Project("{FAE04EC0-301F-11D3-BF4B-00C04F79EFBC}") = "MQ.Cqrs", "MQ.Cqrs\MQ.Cqrs.csproj", "{DBC4E306-9F61-4008-8885-5A39B2EB3777}"
EndProject
Project("{FAE04EC0-301F-11D3-BF4B-00C04F79EFBC}") = "MQ.Business", "MQ.Business\MQ.Business.csproj", "{5E889592-5B16-4022-ACCF-EA7E92DE30B8}"
EndProject
Project("{FAE04EC0-301F-11D3-BF4B-00C04F79EFBC}") = "MQ.Dal", "MQ.Dal\MQ.Dal.csproj", "{56656234-7D1F-47F4-81B3-5D86E35CF942}"
EndProject
Project("{2150E333-8FDC-42A3-9474-1A3956D46DE8}") = "Business", "Business", "{1A28B58E-1FEC-449B-880A-DD292B1E527B}"
EndProject
Project("{2150E333-8FDC-42A3-9474-1A3956D46DE8}") = "Data", "Data", "{6156CDAD-9BB2-4B5D-A497-61750646CDCF}"
EndProject
Project("{2150E333-8FDC-42A3-9474-1A3956D46DE8}") = "Presentation", "Presentation", "{7900D9FB-3D72-4F53-AF9F-9E82286FB03C}"
EndProject
Project("{FAE04EC0-301F-11D3-BF4B-00C04F79EFBC}") = "MQ.WebApi", "MQ.WebApi\MQ.WebApi.csproj", "{D8E4CFB3-5C14-40AA-A857-96878A897DF4}"
EndProject
Project("{FAE04EC0-301F-11D3-BF4B-00C04F79EFBC}") = "MQ.Host", "MQ.Host\MQ.Host.csproj", "{4C8D5FEC-52B1-45AF-B239-20EA3561ED9A}"
EndProject
Project("{2150E333-8FDC-42A3-9474-1A3956D46DE8}") = "Tests", "Tests", "{F3396EAE-F175-4015-B563-DE0CEB56D318}"
EndProject
Project("{FAE04EC0-301F-11D3-BF4B-00C04F79EFBC}") = "MQ.CommonTests", "MQ.CommonTests\MQ.CommonTests.csproj", "{DEA13DA6-6D39-41BF-93C5-957EDDA51058}"
EndProject
Global
	GlobalSection(SolutionConfigurationPlatforms) = preSolution
		Debug|Any CPU = Debug|Any CPU
		Release|Any CPU = Release|Any CPU
	EndGlobalSection
	GlobalSection(ProjectConfigurationPlatforms) = postSolution
		{4B9A581A-2737-4A2A-9BFD-A8AB749ED2F0}.Debug|Any CPU.ActiveCfg = Debug|Any CPU
		{4B9A581A-2737-4A2A-9BFD-A8AB749ED2F0}.Debug|Any CPU.Build.0 = Debug|Any CPU
		{4B9A581A-2737-4A2A-9BFD-A8AB749ED2F0}.Release|Any CPU.ActiveCfg = Release|Any CPU
		{4B9A581A-2737-4A2A-9BFD-A8AB749ED2F0}.Release|Any CPU.Build.0 = Release|Any CPU
		{DBC4E306-9F61-4008-8885-5A39B2EB3777}.Debug|Any CPU.ActiveCfg = Debug|Any CPU
		{DBC4E306-9F61-4008-8885-5A39B2EB3777}.Debug|Any CPU.Build.0 = Debug|Any CPU
		{DBC4E306-9F61-4008-8885-5A39B2EB3777}.Release|Any CPU.ActiveCfg = Release|Any CPU
		{DBC4E306-9F61-4008-8885-5A39B2EB3777}.Release|Any CPU.Build.0 = Release|Any CPU
		{5E889592-5B16-4022-ACCF-EA7E92DE30B8}.Debug|Any CPU.ActiveCfg = Debug|Any CPU
		{5E889592-5B16-4022-ACCF-EA7E92DE30B8}.Debug|Any CPU.Build.0 = Debug|Any CPU
		{5E889592-5B16-4022-ACCF-EA7E92DE30B8}.Release|Any CPU.ActiveCfg = Release|Any CPU
		{5E889592-5B16-4022-ACCF-EA7E92DE30B8}.Release|Any CPU.Build.0 = Release|Any CPU
		{56656234-7D1F-47F4-81B3-5D86E35CF942}.Debug|Any CPU.ActiveCfg = Debug|Any CPU
		{56656234-7D1F-47F4-81B3-5D86E35CF942}.Debug|Any CPU.Build.0 = Debug|Any CPU
		{56656234-7D1F-47F4-81B3-5D86E35CF942}.Release|Any CPU.ActiveCfg = Release|Any CPU
		{56656234-7D1F-47F4-81B3-5D86E35CF942}.Release|Any CPU.Build.0 = Release|Any CPU
		{D8E4CFB3-5C14-40AA-A857-96878A897DF4}.Debug|Any CPU.ActiveCfg = Debug|Any CPU
		{D8E4CFB3-5C14-40AA-A857-96878A897DF4}.Debug|Any CPU.Build.0 = Debug|Any CPU
		{D8E4CFB3-5C14-40AA-A857-96878A897DF4}.Release|Any CPU.ActiveCfg = Release|Any CPU
		{D8E4CFB3-5C14-40AA-A857-96878A897DF4}.Release|Any CPU.Build.0 = Release|Any CPU
		{4C8D5FEC-52B1-45AF-B239-20EA3561ED9A}.Debug|Any CPU.ActiveCfg = Debug|Any CPU
		{4C8D5FEC-52B1-45AF-B239-20EA3561ED9A}.Debug|Any CPU.Build.0 = Debug|Any CPU
		{4C8D5FEC-52B1-45AF-B239-20EA3561ED9A}.Release|Any CPU.ActiveCfg = Release|Any CPU
		{4C8D5FEC-52B1-45AF-B239-20EA3561ED9A}.Release|Any CPU.Build.0 = Release|Any CPU
		{DEA13DA6-6D39-41BF-93C5-957EDDA51058}.Debug|Any CPU.ActiveCfg = Debug|Any CPU
		{DEA13DA6-6D39-41BF-93C5-957EDDA51058}.Debug|Any CPU.Build.0 = Debug|Any CPU
		{DEA13DA6-6D39-41BF-93C5-957EDDA51058}.Release|Any CPU.ActiveCfg = Release|Any CPU
	EndGlobalSection
	GlobalSection(SolutionProperties) = preSolution
		HideSolutionNode = FALSE
	EndGlobalSection
	GlobalSection(NestedProjects) = preSolution
		{4B9A581A-2737-4A2A-9BFD-A8AB749ED2F0} = {1A28B58E-1FEC-449B-880A-DD292B1E527B}
		{DBC4E306-9F61-4008-8885-5A39B2EB3777} = {1A28B58E-1FEC-449B-880A-DD292B1E527B}
		{5E889592-5B16-4022-ACCF-EA7E92DE30B8} = {1A28B58E-1FEC-449B-880A-DD292B1E527B}
		{56656234-7D1F-47F4-81B3-5D86E35CF942} = {6156CDAD-9BB2-4B5D-A497-61750646CDCF}
		{D8E4CFB3-5C14-40AA-A857-96878A897DF4} = {1A28B58E-1FEC-449B-880A-DD292B1E527B}
		{4C8D5FEC-52B1-45AF-B239-20EA3561ED9A} = {7900D9FB-3D72-4F53-AF9F-9E82286FB03C}
		{DEA13DA6-6D39-41BF-93C5-957EDDA51058} = {F3396EAE-F175-4015-B563-DE0CEB56D318}
	EndGlobalSection
EndGlobal
